<?xml version="1.0" encoding="utf-8"?>
<Project ToolsVersion="4.0" xmlns="http://schemas.microsoft.com/developer/msbuild/2003">
  <ItemGroup>
    <Filter Include="Source Files">
      <UniqueIdentifier>{4FC737F1-C7A5-4376-A066-2A32D752A2FF}</UniqueIdentifier>
      <Extensions>cpp;c;cc;cxx;def;odl;idl;hpj;bat;asm;asmx</Extensions>
    </Filter>
    <Filter Include="Resource Files">
      <UniqueIdentifier>{67DA6AB6-F800-4c08-8B7A-83BB121AAD01}</UniqueIdentifier>
      <Extensions>rc;ico;cur;bmp;dlg;rc2;rct;bin;rgs;gif;jpg;jpeg;jpe;resx;tiff;tif;png;wav;mfcribbon-ms</Extensions>
    </Filter>
    <Filter Include="MailInterface">
      <UniqueIdentifier>{4c961d9f-1214-4674-89db-f1aa1cdac877}</UniqueIdentifier>
    </Filter>
    <Filter Include="Logic">
      <UniqueIdentifier>{93995380-89BD-4b04-88EB-625FBE52EBFB}</UniqueIdentifier>
      <Extensions>h;hh;hpp;hxx;hm;inl;inc;xsd</Extensions>
    </Filter>
    <Filter Include="Data">
      <UniqueIdentifier>{96d45799-f72f-407b-a8e3-c3c79ce8291b}</UniqueIdentifier>
    </Filter>
  </ItemGroup>
  <ItemGroup>
    <ClInclude Include="DateTime.h">
      <Filter>Logic</Filter>
    </ClInclude>
    <ClInclude Include="MailInterface.h">
      <Filter>MailInterface</Filter>
    </ClInclude>
    <ClInclude Include="pop3Adaptor.h">
      <Filter>Logic</Filter>
    </ClInclude>
    <ClInclude Include="MailMessage.h">
      <Filter>Data</Filter>
    </ClInclude>
    <ClInclude Include="User.h">
      <Filter>Data</Filter>
    </ClInclude>
    <ClInclude Include="MyContainer.h">
      <Filter>Logic</Filter>
    </ClInclude>
  </ItemGroup>
  <ItemGroup>
    <ClCompile Include="Main.cpp">
      <Filter>Source Files</Filter>
    </ClCompile>
    <ClCompile Include="DateTime.cpp">
      <Filter>Source Files</Filter>
    </ClCompile>
    <ClCompile Include="MailMessage.cpp">
      <Filter>Source Files</Filter>
    </ClCompile>
    <ClCompile Include="pop3Adaptor.cpp">
      <Filter>Source Files</Filter>
    </ClCompile>
    <ClCompile Include="MailInterface.cpp">
      <Filter>Source Files</Filter>
    </ClCompile>
  </ItemGroup>
  <ItemGroup>
    <Text Include="Example2.txt">
      <Filter>Source Files</Filter>
    </Text>
    <Text Include="Example3.txt">
      <Filter>Source Files</Filter>
    </Text>
    <Text Include="Example1.txt">
      <Filter>Source Files</Filter>
    </Text>
  </ItemGroup>
</Project>